{
  "projects": [
    {
      "projectId": "kS7YGZfVr6mU43XDQjXELc",
      "version": "0.13.0",
      "dependencies": {},
      "lang": "js",
      "fileLocks": [
        {
          "assetId": "kS7YGZfVr6mU43XDQjXELc",
          "type": "projectCss",
          "checksum": "e1ec850476829c38b0f9b6d4f7ac446a"
        }
      ],
      "codegenVersion": "0.0.1"
    },
    {
      "projectId": "9Vr5YWkf3w7jj6SsTcCEta",
      "version": "0.8.0",
      "dependencies": {},
      "lang": "js",
      "fileLocks": [
        {
          "assetId": "9Vr5YWkf3w7jj6SsTcCEta",
          "type": "projectCss",
          "checksum": "e1ec850476829c38b0f9b6d4f7ac446a"
        }
      ],
      "codegenVersion": "0.0.1"
    },
    {
      "projectId": "jkU633o1Cz7HrJdwdxhVHk",
      "version": "16.7.0",
      "dependencies": {},
      "lang": "js",
      "fileLocks": [
        {
          "assetId": "jkU633o1Cz7HrJdwdxhVHk",
          "type": "projectCss",
          "checksum": "0581d4378bb1604bb5fe3f65bb0a37de"
        }
      ],
      "codegenVersion": "0.0.1"
    },
    {
      "projectId": "ohDidvG9XsCeFumugENU3J",
      "version": "6.20.0",
      "dependencies": {},
      "lang": "js",
      "fileLocks": [
        {
          "assetId": "ohDidvG9XsCeFumugENU3J",
          "type": "projectCss",
          "checksum": "fd83b730367fdbde2c69bc6cf31c2a3c"
        },
        {
          "assetId": "ohDidvG9XsCeFumugENU3J",
          "checksum": "de0a0e65174a6a185a8f822af51c6bdd",
          "type": "globalContexts"
        }
      ],
      "codegenVersion": "0.0.1"
    },
    {
      "projectId": "2CH2Ar4ka58N2cNnNntUTF",
      "version": "latest",
      "dependencies": {
        "ohDidvG9XsCeFumugENU3J": "6.20.0",
        "jkU633o1Cz7HrJdwdxhVHk": "16.7.0",
        "9Vr5YWkf3w7jj6SsTcCEta": "0.8.0",
        "kS7YGZfVr6mU43XDQjXELc": "0.13.0"
      },
      "lang": "js",
      "fileLocks": [
        {
          "type": "globalVariant",
          "assetId": "b4pLY_hj3o0M",
          "checksum": "6038c7ffb1b13220814b5dee23ff37d2"
        },
        {
          "assetId": "2CH2Ar4ka58N2cNnNntUTF",
          "type": "projectCss",
          "checksum": "e0d0fac7adf0b5434ee9436d86349bfd"
        },
        {
          "assetId": "2CH2Ar4ka58N2cNnNntUTF",
          "checksum": "e324f310809ed9f7f7f636f0a5c62bf0",
          "type": "globalContexts"
        },
        {
          "type": "renderModule",
          "assetId": "_GjGwxCnnc2N",
          "checksum": "048fdad1f53da4dfda24fa4b444640de"
        },
        {
          "type": "cssRules",
          "assetId": "_GjGwxCnnc2N",
          "checksum": "048fdad1f53da4dfda24fa4b444640de"
        },
        {
          "type": "renderModule",
          "assetId": "WnGguekajEU8",
          "checksum": "4ad319e3758645528350ba09ed54eaad"
        },
        {
          "type": "cssRules",
          "assetId": "WnGguekajEU8",
          "checksum": "4ad319e3758645528350ba09ed54eaad"
        },
        {
          "type": "renderModule",
          "assetId": "nZyKNWyFtYVu",
          "checksum": "1bca4678bef650712965cb987df66a9e"
        },
        {
          "type": "cssRules",
          "assetId": "nZyKNWyFtYVu",
          "checksum": "1bca4678bef650712965cb987df66a9e"
        },
        {
          "type": "renderModule",
          "assetId": "FXn0dM4RxfHU",
          "checksum": "b91ca631243404e8a117139c7d355a36"
        },
        {
          "type": "cssRules",
          "assetId": "FXn0dM4RxfHU",
          "checksum": "b91ca631243404e8a117139c7d355a36"
        },
        {
          "type": "renderModule",
          "assetId": "NPECi7EXiU4I",
          "checksum": "4f6a37d5838020644806ab62b96ee25d"
        },
        {
          "type": "cssRules",
          "assetId": "NPECi7EXiU4I",
          "checksum": "4f6a37d5838020644806ab62b96ee25d"
        },
        {
          "type": "renderModule",
          "assetId": "J2HwTBpbSme2",
          "checksum": "1b66549603b3e0e260cf87a9ea0d45c9"
        },
        {
          "type": "cssRules",
          "assetId": "J2HwTBpbSme2",
          "checksum": "1b66549603b3e0e260cf87a9ea0d45c9"
        },
        {
          "type": "renderModule",
          "assetId": "2pmkJgbNAmBk",
          "checksum": "8933571e93a95817dc43830a593c656f"
        },
        {
          "type": "cssRules",
          "assetId": "2pmkJgbNAmBk",
          "checksum": "8933571e93a95817dc43830a593c656f"
        },
        {
          "type": "renderModule",
          "assetId": "BeO20828hgvb",
          "checksum": "b8e95403095a3f1a1a794e34d0c1513f"
        },
        {
          "type": "cssRules",
          "assetId": "BeO20828hgvb",
          "checksum": "b8e95403095a3f1a1a794e34d0c1513f"
        },
        {
          "type": "icon",
          "assetId": "s3PmsNGU3lXf",
          "checksum": "648c3f63ee17ba6840fc0ba70dab31a0"
        },
        {
          "type": "icon",
          "assetId": "TJ0aNzOyQexJ",
          "checksum": "43e007763b808237f942426330e7798c"
        },
        {
          "type": "image",
          "assetId": "D4_qfP_3fhF1",
          "checksum": "a0a56cef08be91e5c8e13456c9200811"
        },
        {
          "type": "image",
          "assetId": "LOwZFOUhF3RD",
          "checksum": "0dfe0d19834bfb5541c6e532cd8ea111"
        },
        {
          "type": "image",
          "assetId": "aWeqVJeKk7P2",
          "checksum": "202882bde3d94ffabdd0e029ccf84f4f"
        },
        {
          "type": "image",
          "assetId": "nGGxmmYVKwCh",
          "checksum": "1c619c01296ef3d218841f87871bfdbf"
        },
        {
          "type": "image",
          "assetId": "3ZRSCAhQy1aH",
          "checksum": "740d1ce049b645a42ede23f454f3e0a1"
        },
        {
          "type": "image",
          "assetId": "XjX1DjkIZ_e_",
          "checksum": "2d8377d2bde9c67c1c1d12f2e79cf61d"
        },
        {
          "type": "image",
          "assetId": "Lrlrx7JLcvmm",
          "checksum": "9217ea981db7f31202db039712bf2fa3"
        },
        {
          "type": "image",
          "assetId": "weRlvMH1a-CG",
          "checksum": "1857c8fb4013985a4c43db79982e6546"
        },
        {
          "type": "image",
          "assetId": "-9qlosHJqwWs",
          "checksum": "ffc533dae6dab2af705c6f667b71b19a"
        },
        {
          "type": "image",
          "assetId": "Dz53ya_MA7d4",
          "checksum": "e073df93e0023e5dfe957604a6f9428e"
        },
        {
          "type": "image",
          "assetId": "FILF2Wd814lX",
          "checksum": "de17b4d06dc5b1f55d8149e9fbbf16b9"
        },
        {
          "type": "image",
          "assetId": "ACLckpoBdTts",
          "checksum": "a6a71608f7a8c42f5ff01705aa62cc0f"
        },
        {
          "type": "image",
          "assetId": "5uWCpn629R8V",
          "checksum": "db9caae2599125fb1fb97a7bb7bb0b87"
        },
        {
          "type": "image",
          "assetId": "m_5xWQgoLX-h",
          "checksum": "4849979d27618c6d719a1c37f16b0991"
        },
        {
          "type": "image",
          "assetId": "AiWuLVuNmtiU",
          "checksum": "ed4870ed6a8a36ad60e18a35b63d9fdd"
        },
        {
          "type": "image",
          "assetId": "pfT1ypfts9Yh",
          "checksum": "b7994ee84df2f34157776f419e87bdd0"
        }
      ],
      "codegenVersion": "0.0.1"
    }
  ],
  "cliVersion": "0.1.327"
}
